{
  "name": "node",
  "version": "1.0.0",
  "lockfileVersion": 1,
  "requires": true,
  "dependencies": {
    "google-trends-api": {
      "version": "4.8.0",
      "resolved": "https://registry.npmjs.org/google-trends-api/-/google-trends-api-4.8.0.tgz",
      "integrity": "sha512-5XHYS6FGbdYp/NwT1CGNNtS9v8VdT58impTCcG+sfWI4BzyqYEN+fzulI4NNQT3mYxNVcK0cWpbDFI1AKxS78w=="
    }
  }
}
